
Microsoft Visual Studio Solution File, Format Version 12.00
# Visual Studio 15
VisualStudioVersion = 15.0.28010.2048
MinimumVisualStudioVersion = 10.0.40219.1
Project("{FAE04EC0-301F-11D3-BF4B-00C04F79EFBC}") = "Baglanti", "Baglanti\Baglanti.csproj", "{158426FC-DA59-4785-A7CD-44C278448D6D}"
EndProject
Project("{FAE04EC0-301F-11D3-BF4B-00C04F79EFBC}") = "Select", "Select\Select.csproj", "{F00BE2AB-1205-4736-B934-459B5C67523E}"
EndProject
Project("{FAE04EC0-301F-11D3-BF4B-00C04F79EFBC}") = "InsertInto", "InsertInto\InsertInto.csproj", "{9AC48DC6-3E91-4EBF-8137-710C6F732B6D}"
EndProject
Project("{FAE04EC0-301F-11D3-BF4B-00C04F79EFBC}") = "WindowsFormsApp1", "WindowsFormsApp1\WindowsFormsApp1.csproj", "{C0879E11-D6C0-4CFE-A5BC-3D7629B07AEE}"
EndProject
Project("{FAE04EC0-301F-11D3-BF4B-00C04F79EFBC}") = "Customer", "Customer\Customer.csproj", "{D603FCCD-6863-4EC4-A935-DEE40FA7ACC4}"
EndProject
Project("{FAE04EC0-301F-11D3-BF4B-00C04F79EFBC}") = "WinDapper", "WinDapper\WinDapper.csproj", "{D0C26E8B-2918-4D0D-8D1B-33FF1500B783}"
EndProject
Project("{FAE04EC0-301F-11D3-BF4B-00C04F79EFBC}") = "CommandBuilder", "CommandBuilder\CommandBuilder.csproj", "{F9D20909-AEAB-4A9D-84F0-F62FDEEC5B52}"
EndProject
Global
	GlobalSection(SolutionConfigurationPlatforms) = preSolution
		Debug|Any CPU = Debug|Any CPU
		Release|Any CPU = Release|Any CPU
	EndGlobalSection
	GlobalSection(ProjectConfigurationPlatforms) = postSolution
		{158426FC-DA59-4785-A7CD-44C278448D6D}.Debug|Any CPU.ActiveCfg = Debug|Any CPU
		{158426FC-DA59-4785-A7CD-44C278448D6D}.Debug|Any CPU.Build.0 = Debug|Any CPU
		{158426FC-DA59-4785-A7CD-44C278448D6D}.Release|Any CPU.ActiveCfg = Release|Any CPU
		{158426FC-DA59-4785-A7CD-44C278448D6D}.Release|Any CPU.Build.0 = Release|Any CPU
		{F00BE2AB-1205-4736-B934-459B5C67523E}.Debug|Any CPU.ActiveCfg = Debug|Any CPU
		{F00BE2AB-1205-4736-B934-459B5C67523E}.Debug|Any CPU.Build.0 = Debug|Any CPU
		{F00BE2AB-1205-4736-B934-459B5C67523E}.Release|Any CPU.ActiveCfg = Release|Any CPU
		{F00BE2AB-1205-4736-B934-459B5C67523E}.Release|Any CPU.Build.0 = Release|Any CPU
		{9AC48DC6-3E91-4EBF-8137-710C6F732B6D}.Debug|Any CPU.ActiveCfg = Debug|Any CPU
		{9AC48DC6-3E91-4EBF-8137-710C6F732B6D}.Debug|Any CPU.Build.0 = Debug|Any CPU
		{9AC48DC6-3E91-4EBF-8137-710C6F732B6D}.Release|Any CPU.ActiveCfg = Release|Any CPU
		{9AC48DC6-3E91-4EBF-8137-710C6F732B6D}.Release|Any CPU.Build.0 = Release|Any CPU
		{C0879E11-D6C0-4CFE-A5BC-3D7629B07AEE}.Debug|Any CPU.ActiveCfg = Debug|Any CPU
		{C0879E11-D6C0-4CFE-A5BC-3D7629B07AEE}.Debug|Any CPU.Build.0 = Debug|Any CPU
		{C0879E11-D6C0-4CFE-A5BC-3D7629B07AEE}.Release|Any CPU.ActiveCfg = Release|Any CPU
		{C0879E11-D6C0-4CFE-A5BC-3D7629B07AEE}.Release|Any CPU.Build.0 = Release|Any CPU
		{D603FCCD-6863-4EC4-A935-DEE40FA7ACC4}.Debug|Any CPU.ActiveCfg = Debug|Any CPU
		{D603FCCD-6863-4EC4-A935-DEE40FA7ACC4}.Debug|Any CPU.Build.0 = Debug|Any CPU
		{D603FCCD-6863-4EC4-A935-DEE40FA7ACC4}.Release|Any CPU.ActiveCfg = Release|Any CPU
		{D603FCCD-6863-4EC4-A935-DEE40FA7ACC4}.Release|Any CPU.Build.0 = Release|Any CPU
		{D0C26E8B-2918-4D0D-8D1B-33FF1500B783}.Debug|Any CPU.ActiveCfg = Debug|Any CPU
		{D0C26E8B-2918-4D0D-8D1B-33FF1500B783}.Debug|Any CPU.Build.0 = Debug|Any CPU
		{D0C26E8B-2918-4D0D-8D1B-33FF1500B783}.Release|Any CPU.ActiveCfg = Release|Any CPU
		{D0C26E8B-2918-4D0D-8D1B-33FF1500B783}.Release|Any CPU.Build.0 = Release|Any CPU
		{F9D20909-AEAB-4A9D-84F0-F62FDEEC5B52}.Debug|Any CPU.ActiveCfg = Debug|Any CPU
		{F9D20909-AEAB-4A9D-84F0-F62FDEEC5B52}.Debug|Any CPU.Build.0 = Debug|Any CPU
		{F9D20909-AEAB-4A9D-84F0-F62FDEEC5B52}.Release|Any CPU.ActiveCfg = Release|Any CPU
		{F9D20909-AEAB-4A9D-84F0-F62FDEEC5B52}.Release|Any CPU.Build.0 = Release|Any CPU
	EndGlobalSection
	GlobalSection(SolutionProperties) = preSolution
		HideSolutionNode = FALSE
	EndGlobalSection
	GlobalSection(ExtensibilityGlobals) = postSolution
		SolutionGuid = {008EC28A-1FD2-4C74-B2F8-37E02D4F7ECE}
	EndGlobalSection
EndGlobal
